// !$*UTF8*$!
{
	archiveVersion = 1;
	classes = {
	};
	objectVersion = 46;
	objects = {

/* Begin PBXBuildFile section */
		4804C0FA1F916B80007768A5 /* EstimoteSDK.framework in Frameworks */ = {isa = PBXBuildFile; fileRef = 4804C0F91F916B80007768A5 /* EstimoteSDK.framework */; };
		4804C0FC1F916D27007768A5 /* AppDelegate+Estimote.swift in Sources */ = {isa = PBXBuildFile; fileRef = 4804C0FB1F916D27007768A5 /* AppDelegate+Estimote.swift */; };
		48F6428C1F8E7BCD002A225B /* AppDelegate.swift in Sources */ = {isa = PBXBuildFile; fileRef = 48F6428B1F8E7BCD002A225B /* AppDelegate.swift */; };
		48F642931F8E7BCD002A225B /* Assets.xcassets in Resources */ = {isa = PBXBuildFile; fileRef = 48F642921F8E7BCD002A225B /* Assets.xcassets */; };
		48F642961F8E7BCD002A225B /* LaunchScreen.storyboard in Resources */ = {isa = PBXBuildFile; fileRef = 48F642941F8E7BCD002A225B /* LaunchScreen.storyboard */; };
		48F642A11F8E7BCD002A225B /* PNPC_iOSTests.swift in Sources */ = {isa = PBXBuildFile; fileRef = 48F642A01F8E7BCD002A225B /* PNPC_iOSTests.swift */; };
		48F642AC1F8E7BCD002A225B /* PNPC_iOSUITests.swift in Sources */ = {isa = PBXBuildFile; fileRef = 48F642AB1F8E7BCD002A225B /* PNPC_iOSUITests.swift */; };
		48F642BE1F8E8819002A225B /* AuthenticationViewController.swift in Sources */ = {isa = PBXBuildFile; fileRef = 48F642BD1F8E8819002A225B /* AuthenticationViewController.swift */; };
		48F642C01F8E8879002A225B /* AuthenticationViewModel.swift in Sources */ = {isa = PBXBuildFile; fileRef = 48F642BF1F8E8879002A225B /* AuthenticationViewModel.swift */; };
		48F642C31F8E8947002A225B /* AuthenticationViewController.xib in Resources */ = {isa = PBXBuildFile; fileRef = 48F642C21F8E8947002A225B /* AuthenticationViewController.xib */; };
		48F642C81F8E9419002A225B /* Coordinator.swift in Sources */ = {isa = PBXBuildFile; fileRef = 48F642C71F8E9419002A225B /* Coordinator.swift */; };
		48F642CA1F8E9442002A225B /* RootViewCoordinator.swift in Sources */ = {isa = PBXBuildFile; fileRef = 48F642C91F8E9442002A225B /* RootViewCoordinator.swift */; };
		48F642CC1F8E94B5002A225B /* AppCoordinator.swift in Sources */ = {isa = PBXBuildFile; fileRef = 48F642CB1F8E94B5002A225B /* AppCoordinator.swift */; };
		48F642CF1F8EB238002A225B /* ViewExtension.swift in Sources */ = {isa = PBXBuildFile; fileRef = 48F642CE1F8EB238002A225B /* ViewExtension.swift */; };
		48F642D21F8EB6F5002A225B /* ValidationService.swift in Sources */ = {isa = PBXBuildFile; fileRef = 48F642D11F8EB6F5002A225B /* ValidationService.swift */; };
		48F642D51F8EB98A002A225B /* PNPCService.swift in Sources */ = {isa = PBXBuildFile; fileRef = 48F642D41F8EB98A002A225B /* PNPCService.swift */; };
		55D7E4650198181385C6CBB2 /* Pods_PNPC_iOS.framework in Frameworks */ = {isa = PBXBuildFile; fileRef = 8FD7CE6468C19EF66C245467 /* Pods_PNPC_iOS.framework */; };
		C17A8EA06350BF4E75D98FEB /* Pods_PNPC_iOSUITests.framework in Frameworks */ = {isa = PBXBuildFile; fileRef = 499F27A216592123C2354397 /* Pods_PNPC_iOSUITests.framework */; };
		F2DE446FDC0E2A114D1C869D /* Pods_PNPC_iOSTests.framework in Frameworks */ = {isa = PBXBuildFile; fileRef = 38246F8E6B688A64B270FD03 /* Pods_PNPC_iOSTests.framework */; };
/* End PBXBuildFile section */

/* Begin PBXContainerItemProxy section */
		48F6429D1F8E7BCD002A225B /* PBXContainerItemProxy */ = {
			isa = PBXContainerItemProxy;
			containerPortal = 48F642801F8E7BCD002A225B /* Project object */;
			proxyType = 1;
			remoteGlobalIDString = 48F642871F8E7BCD002A225B;
			remoteInfo = "PNPC-iOS";
		};
		48F642A81F8E7BCD002A225B /* PBXContainerItemProxy */ = {
			isa = PBXContainerItemProxy;
			containerPortal = 48F642801F8E7BCD002A225B /* Project object */;
			proxyType = 1;
			remoteGlobalIDString = 48F642871F8E7BCD002A225B;
			remoteInfo = "PNPC-iOS";
		};
/* End PBXContainerItemProxy section */

/* Begin PBXFileReference section */
		1334DED68B8783AD0B7D5287 /* Pods-PNPC-iOS.release.xcconfig */ = {isa = PBXFileReference; includeInIndex = 1; lastKnownFileType = text.xcconfig; name = "Pods-PNPC-iOS.release.xcconfig"; path = "Pods/Target Support Files/Pods-PNPC-iOS/Pods-PNPC-iOS.release.xcconfig"; sourceTree = "<group>"; };
		38246F8E6B688A64B270FD03 /* Pods_PNPC_iOSTests.framework */ = {isa = PBXFileReference; explicitFileType = wrapper.framework; includeInIndex = 0; path = Pods_PNPC_iOSTests.framework; sourceTree = BUILT_PRODUCTS_DIR; };
		403393B551D99B4DCA379C5E /* Pods-PNPC-iOSTests.release.xcconfig */ = {isa = PBXFileReference; includeInIndex = 1; lastKnownFileType = text.xcconfig; name = "Pods-PNPC-iOSTests.release.xcconfig"; path = "Pods/Target Support Files/Pods-PNPC-iOSTests/Pods-PNPC-iOSTests.release.xcconfig"; sourceTree = "<group>"; };
		432EF75D3337B0D7683C01AA /* Pods-PNPC-iOSUITests.release.xcconfig */ = {isa = PBXFileReference; includeInIndex = 1; lastKnownFileType = text.xcconfig; name = "Pods-PNPC-iOSUITests.release.xcconfig"; path = "Pods/Target Support Files/Pods-PNPC-iOSUITests/Pods-PNPC-iOSUITests.release.xcconfig"; sourceTree = "<group>"; };
		44FBF5EABDC9765CF34BFB29 /* Pods-PNPC-iOSTests.debug.xcconfig */ = {isa = PBXFileReference; includeInIndex = 1; lastKnownFileType = text.xcconfig; name = "Pods-PNPC-iOSTests.debug.xcconfig"; path = "Pods/Target Support Files/Pods-PNPC-iOSTests/Pods-PNPC-iOSTests.debug.xcconfig"; sourceTree = "<group>"; };
		4804C0F61F915E19007768A5 /* ObjCBridge.h */ = {isa = PBXFileReference; lastKnownFileType = sourcecode.c.h; path = ObjCBridge.h; sourceTree = "<group>"; };
		4804C0F91F916B80007768A5 /* EstimoteSDK.framework */ = {isa = PBXFileReference; lastKnownFileType = wrapper.framework; path = EstimoteSDK.framework; sourceTree = "<group>"; };
		4804C0FB1F916D27007768A5 /* AppDelegate+Estimote.swift */ = {isa = PBXFileReference; fileEncoding = 4; lastKnownFileType = sourcecode.swift; path = "AppDelegate+Estimote.swift"; sourceTree = "<group>"; };
		48F642881F8E7BCD002A225B /* PNPC-iOS.app */ = {isa = PBXFileReference; explicitFileType = wrapper.application; includeInIndex = 0; path = "PNPC-iOS.app"; sourceTree = BUILT_PRODUCTS_DIR; };
		48F6428B1F8E7BCD002A225B /* AppDelegate.swift */ = {isa = PBXFileReference; lastKnownFileType = sourcecode.swift; path = AppDelegate.swift; sourceTree = "<group>"; };
		48F642921F8E7BCD002A225B /* Assets.xcassets */ = {isa = PBXFileReference; lastKnownFileType = folder.assetcatalog; path = Assets.xcassets; sourceTree = "<group>"; };
		48F642951F8E7BCD002A225B /* Base */ = {isa = PBXFileReference; lastKnownFileType = file.storyboard; name = Base; path = Base.lproj/LaunchScreen.storyboard; sourceTree = "<group>"; };
		48F642971F8E7BCD002A225B /* Info.plist */ = {isa = PBXFileReference; lastKnownFileType = text.plist.xml; path = Info.plist; sourceTree = "<group>"; };
		48F6429C1F8E7BCD002A225B /* PNPC-iOSTests.xctest */ = {isa = PBXFileReference; explicitFileType = wrapper.cfbundle; includeInIndex = 0; path = "PNPC-iOSTests.xctest"; sourceTree = BUILT_PRODUCTS_DIR; };
		48F642A01F8E7BCD002A225B /* PNPC_iOSTests.swift */ = {isa = PBXFileReference; lastKnownFileType = sourcecode.swift; path = PNPC_iOSTests.swift; sourceTree = "<group>"; };
		48F642A21F8E7BCD002A225B /* Info.plist */ = {isa = PBXFileReference; lastKnownFileType = text.plist.xml; path = Info.plist; sourceTree = "<group>"; };
		48F642A71F8E7BCD002A225B /* PNPC-iOSUITests.xctest */ = {isa = PBXFileReference; explicitFileType = wrapper.cfbundle; includeInIndex = 0; path = "PNPC-iOSUITests.xctest"; sourceTree = BUILT_PRODUCTS_DIR; };
		48F642AB1F8E7BCD002A225B /* PNPC_iOSUITests.swift */ = {isa = PBXFileReference; lastKnownFileType = sourcecode.swift; path = PNPC_iOSUITests.swift; sourceTree = "<group>"; };
		48F642AD1F8E7BCD002A225B /* Info.plist */ = {isa = PBXFileReference; lastKnownFileType = text.plist.xml; path = Info.plist; sourceTree = "<group>"; };
		48F642BD1F8E8819002A225B /* AuthenticationViewController.swift */ = {isa = PBXFileReference; fileEncoding = 4; lastKnownFileType = sourcecode.swift; name = AuthenticationViewController.swift; path = Features/Authentication/AuthenticationViewController.swift; sourceTree = "<group>"; };
		48F642BF1F8E8879002A225B /* AuthenticationViewModel.swift */ = {isa = PBXFileReference; fileEncoding = 4; lastKnownFileType = sourcecode.swift; name = AuthenticationViewModel.swift; path = Features/Authentication/ViewModels/AuthenticationViewModel.swift; sourceTree = "<group>"; };
		48F642C21F8E8947002A225B /* AuthenticationViewController.xib */ = {isa = PBXFileReference; fileEncoding = 4; lastKnownFileType = file.xib; name = AuthenticationViewController.xib; path = Features/Authentication/AuthenticationViewController.xib; sourceTree = "<group>"; };
		48F642C71F8E9419002A225B /* Coordinator.swift */ = {isa = PBXFileReference; fileEncoding = 4; lastKnownFileType = sourcecode.swift; name = Coordinator.swift; path = Coordinator/Coordinator.swift; sourceTree = "<group>"; };
		48F642C91F8E9442002A225B /* RootViewCoordinator.swift */ = {isa = PBXFileReference; fileEncoding = 4; lastKnownFileType = sourcecode.swift; name = RootViewCoordinator.swift; path = Coordinator/RootViewCoordinator.swift; sourceTree = "<group>"; };
		48F642CB1F8E94B5002A225B /* AppCoordinator.swift */ = {isa = PBXFileReference; fileEncoding = 4; lastKnownFileType = sourcecode.swift; path = AppCoordinator.swift; sourceTree = "<group>"; };
		48F642CE1F8EB238002A225B /* ViewExtension.swift */ = {isa = PBXFileReference; fileEncoding = 4; lastKnownFileType = sourcecode.swift; name = ViewExtension.swift; path = Extensions/ViewExtension.swift; sourceTree = "<group>"; };
		48F642D11F8EB6F5002A225B /* ValidationService.swift */ = {isa = PBXFileReference; fileEncoding = 4; lastKnownFileType = sourcecode.swift; name = ValidationService.swift; path = Utilities/ValidationService.swift; sourceTree = "<group>"; };
		48F642D41F8EB98A002A225B /* PNPCService.swift */ = {isa = PBXFileReference; fileEncoding = 4; lastKnownFileType = sourcecode.swift; name = PNPCService.swift; path = Utilities/Network/PNPCService.swift; sourceTree = "<group>"; };
		499F27A216592123C2354397 /* Pods_PNPC_iOSUITests.framework */ = {isa = PBXFileReference; explicitFileType = wrapper.framework; includeInIndex = 0; path = Pods_PNPC_iOSUITests.framework; sourceTree = BUILT_PRODUCTS_DIR; };
		78159117F3A5A005A4153BC8 /* Pods-PNPC-iOS.debug.xcconfig */ = {isa = PBXFileReference; includeInIndex = 1; lastKnownFileType = text.xcconfig; name = "Pods-PNPC-iOS.debug.xcconfig"; path = "Pods/Target Support Files/Pods-PNPC-iOS/Pods-PNPC-iOS.debug.xcconfig"; sourceTree = "<group>"; };
		8FD7CE6468C19EF66C245467 /* Pods_PNPC_iOS.framework */ = {isa = PBXFileReference; explicitFileType = wrapper.framework; includeInIndex = 0; path = Pods_PNPC_iOS.framework; sourceTree = BUILT_PRODUCTS_DIR; };
		DC508B18A28B4C8FB52E5D9F /* Pods-PNPC-iOSUITests.debug.xcconfig */ = {isa = PBXFileReference; includeInIndex = 1; lastKnownFileType = text.xcconfig; name = "Pods-PNPC-iOSUITests.debug.xcconfig"; path = "Pods/Target Support Files/Pods-PNPC-iOSUITests/Pods-PNPC-iOSUITests.debug.xcconfig"; sourceTree = "<group>"; };
/* End PBXFileReference section */

/* Begin PBXFrameworksBuildPhase section */
		48F642851F8E7BCD002A225B /* Frameworks */ = {
			isa = PBXFrameworksBuildPhase;
			buildActionMask = 2147483647;
			files = (
				55D7E4650198181385C6CBB2 /* Pods_PNPC_iOS.framework in Frameworks */,
				4804C0FA1F916B80007768A5 /* EstimoteSDK.framework in Frameworks */,
			);
			runOnlyForDeploymentPostprocessing = 0;
		};
		48F642991F8E7BCD002A225B /* Frameworks */ = {
			isa = PBXFrameworksBuildPhase;
			buildActionMask = 2147483647;
			files = (
				F2DE446FDC0E2A114D1C869D /* Pods_PNPC_iOSTests.framework in Frameworks */,
			);
			runOnlyForDeploymentPostprocessing = 0;
		};
		48F642A41F8E7BCD002A225B /* Frameworks */ = {
			isa = PBXFrameworksBuildPhase;
			buildActionMask = 2147483647;
			files = (
				C17A8EA06350BF4E75D98FEB /* Pods_PNPC_iOSUITests.framework in Frameworks */,
			);
			runOnlyForDeploymentPostprocessing = 0;
		};
/* End PBXFrameworksBuildPhase section */

/* Begin PBXGroup section */
		365FD37C9C5BAC88707E2A05 /* Pods */ = {
			isa = PBXGroup;
			children = (
				78159117F3A5A005A4153BC8 /* Pods-PNPC-iOS.debug.xcconfig */,
				1334DED68B8783AD0B7D5287 /* Pods-PNPC-iOS.release.xcconfig */,
				44FBF5EABDC9765CF34BFB29 /* Pods-PNPC-iOSTests.debug.xcconfig */,
				403393B551D99B4DCA379C5E /* Pods-PNPC-iOSTests.release.xcconfig */,
				DC508B18A28B4C8FB52E5D9F /* Pods-PNPC-iOSUITests.debug.xcconfig */,
				432EF75D3337B0D7683C01AA /* Pods-PNPC-iOSUITests.release.xcconfig */,
			);
			name = Pods;
			sourceTree = "<group>";
		};
		4804C0F81F916B6A007768A5 /* Estimote */ = {
			isa = PBXGroup;
			children = (
				4804C0F91F916B80007768A5 /* EstimoteSDK.framework */,
			);
			name = Estimote;
			sourceTree = "<group>";
		};
		48F6427F1F8E7BCD002A225B = {
			isa = PBXGroup;
			children = (
				48F6428A1F8E7BCD002A225B /* PNPC-iOS */,
				48F6429F1F8E7BCD002A225B /* PNPC-iOSTests */,
				48F642AA1F8E7BCD002A225B /* PNPC-iOSUITests */,
				48F642891F8E7BCD002A225B /* Products */,
				365FD37C9C5BAC88707E2A05 /* Pods */,
				AA2BE15EDE8592981E09A740 /* Frameworks */,
			);
			sourceTree = "<group>";
		};
		48F642891F8E7BCD002A225B /* Products */ = {
			isa = PBXGroup;
			children = (
				48F642881F8E7BCD002A225B /* PNPC-iOS.app */,
				48F6429C1F8E7BCD002A225B /* PNPC-iOSTests.xctest */,
				48F642A71F8E7BCD002A225B /* PNPC-iOSUITests.xctest */,
			);
			name = Products;
			sourceTree = "<group>";
		};
		48F6428A1F8E7BCD002A225B /* PNPC-iOS */ = {
			isa = PBXGroup;
			children = (
				48F642B91F8E876D002A225B /* Features */,
				48F642C61F8E93EF002A225B /* Coordinator */,
				48F642D01F8EB6B9002A225B /* Utilities */,
				48F642CD1F8EB21E002A225B /* Extensions */,
				48F6428B1F8E7BCD002A225B /* AppDelegate.swift */,
				4804C0FB1F916D27007768A5 /* AppDelegate+Estimote.swift */,
				48F642CB1F8E94B5002A225B /* AppCoordinator.swift */,
				48F642921F8E7BCD002A225B /* Assets.xcassets */,
				48F642941F8E7BCD002A225B /* LaunchScreen.storyboard */,
				48F642971F8E7BCD002A225B /* Info.plist */,
				4804C0F61F915E19007768A5 /* ObjCBridge.h */,
			);
			path = "PNPC-iOS";
			sourceTree = "<group>";
		};
		48F6429F1F8E7BCD002A225B /* PNPC-iOSTests */ = {
			isa = PBXGroup;
			children = (
				48F642A01F8E7BCD002A225B /* PNPC_iOSTests.swift */,
				48F642A21F8E7BCD002A225B /* Info.plist */,
			);
			path = "PNPC-iOSTests";
			sourceTree = "<group>";
		};
		48F642AA1F8E7BCD002A225B /* PNPC-iOSUITests */ = {
			isa = PBXGroup;
			children = (
				48F642AB1F8E7BCD002A225B /* PNPC_iOSUITests.swift */,
				48F642AD1F8E7BCD002A225B /* Info.plist */,
			);
			path = "PNPC-iOSUITests";
			sourceTree = "<group>";
		};
		48F642B91F8E876D002A225B /* Features */ = {
			isa = PBXGroup;
			children = (
				48F642BA1F8E8799002A225B /* Authentication */,
			);
			name = Features;
			sourceTree = "<group>";
		};
		48F642BA1F8E8799002A225B /* Authentication */ = {
			isa = PBXGroup;
			children = (
				48F642BC1F8E87FF002A225B /* ViewModels */,
				48F642BB1F8E87B6002A225B /* Coordinator */,
				48F642BD1F8E8819002A225B /* AuthenticationViewController.swift */,
				48F642C21F8E8947002A225B /* AuthenticationViewController.xib */,
			);
			name = Authentication;
			sourceTree = "<group>";
		};
		48F642BB1F8E87B6002A225B /* Coordinator */ = {
			isa = PBXGroup;
			children = (
			);
			name = Coordinator;
			sourceTree = "<group>";
		};
		48F642BC1F8E87FF002A225B /* ViewModels */ = {
			isa = PBXGroup;
			children = (
				48F642BF1F8E8879002A225B /* AuthenticationViewModel.swift */,
			);
			name = ViewModels;
			sourceTree = "<group>";
		};
		48F642C61F8E93EF002A225B /* Coordinator */ = {
			isa = PBXGroup;
			children = (
				48F642C71F8E9419002A225B /* Coordinator.swift */,
				48F642C91F8E9442002A225B /* RootViewCoordinator.swift */,
			);
			name = Coordinator;
			sourceTree = "<group>";
		};
		48F642CD1F8EB21E002A225B /* Extensions */ = {
			isa = PBXGroup;
			children = (
				48F642CE1F8EB238002A225B /* ViewExtension.swift */,
			);
			name = Extensions;
			sourceTree = "<group>";
		};
		48F642D01F8EB6B9002A225B /* Utilities */ = {
			isa = PBXGroup;
			children = (
				4804C0F81F916B6A007768A5 /* Estimote */,
				48F642D31F8EB93F002A225B /* Network */,
				48F642D11F8EB6F5002A225B /* ValidationService.swift */,
			);
			name = Utilities;
			sourceTree = "<group>";
		};
		48F642D31F8EB93F002A225B /* Network */ = {
			isa = PBXGroup;
			children = (
				48F642D41F8EB98A002A225B /* PNPCService.swift */,
			);
			name = Network;
			sourceTree = "<group>";
		};
		AA2BE15EDE8592981E09A740 /* Frameworks */ = {
			isa = PBXGroup;
			children = (
				8FD7CE6468C19EF66C245467 /* Pods_PNPC_iOS.framework */,
				38246F8E6B688A64B270FD03 /* Pods_PNPC_iOSTests.framework */,
				499F27A216592123C2354397 /* Pods_PNPC_iOSUITests.framework */,
			);
			name = Frameworks;
			sourceTree = "<group>";
		};
/* End PBXGroup section */

/* Begin PBXNativeTarget section */
		48F642871F8E7BCD002A225B /* PNPC-iOS */ = {
			isa = PBXNativeTarget;
			buildConfigurationList = 48F642B01F8E7BCD002A225B /* Build configuration list for PBXNativeTarget "PNPC-iOS" */;
			buildPhases = (
				AEDAB5F4E2318BB500BEE17F /* [CP] Check Pods Manifest.lock */,
				48F642841F8E7BCD002A225B /* Sources */,
				48F642851F8E7BCD002A225B /* Frameworks */,
				48F642861F8E7BCD002A225B /* Resources */,
				7BDB4D162FFFABF389B2A6C5 /* [CP] Embed Pods Frameworks */,
				C3079604286BDC1466A1FD64 /* [CP] Copy Pods Resources */,
			);
			buildRules = (
			);
			dependencies = (
			);
			name = "PNPC-iOS";
			productName = "PNPC-iOS";
			productReference = 48F642881F8E7BCD002A225B /* PNPC-iOS.app */;
			productType = "com.apple.product-type.application";
		};
		48F6429B1F8E7BCD002A225B /* PNPC-iOSTests */ = {
			isa = PBXNativeTarget;
			buildConfigurationList = 48F642B31F8E7BCD002A225B /* Build configuration list for PBXNativeTarget "PNPC-iOSTests" */;
			buildPhases = (
				5ABC4D1EDF778DA18D24C3D9 /* [CP] Check Pods Manifest.lock */,
				48F642981F8E7BCD002A225B /* Sources */,
				48F642991F8E7BCD002A225B /* Frameworks */,
				48F6429A1F8E7BCD002A225B /* Resources */,
				CC5B51D0F04B76E9274B42FB /* [CP] Embed Pods Frameworks */,
				BCC3BEFDA50CCDE4D9DC2A18 /* [CP] Copy Pods Resources */,
			);
			buildRules = (
			);
			dependencies = (
				48F6429E1F8E7BCD002A225B /* PBXTargetDependency */,
			);
			name = "PNPC-iOSTests";
			productName = "PNPC-iOSTests";
			productReference = 48F6429C1F8E7BCD002A225B /* PNPC-iOSTests.xctest */;
			productType = "com.apple.product-type.bundle.unit-test";
		};
		48F642A61F8E7BCD002A225B /* PNPC-iOSUITests */ = {
			isa = PBXNativeTarget;
			buildConfigurationList = 48F642B61F8E7BCD002A225B /* Build configuration list for PBXNativeTarget "PNPC-iOSUITests" */;
			buildPhases = (
				DE566EC04AA177E076CEC68F /* [CP] Check Pods Manifest.lock */,
				48F642A31F8E7BCD002A225B /* Sources */,
				48F642A41F8E7BCD002A225B /* Frameworks */,
				48F642A51F8E7BCD002A225B /* Resources */,
				5CE1E2088985DC2F44CBE541 /* [CP] Embed Pods Frameworks */,
				52D1903E34704FB48888259B /* [CP] Copy Pods Resources */,
			);
			buildRules = (
			);
			dependencies = (
				48F642A91F8E7BCD002A225B /* PBXTargetDependency */,
			);
			name = "PNPC-iOSUITests";
			productName = "PNPC-iOSUITests";
			productReference = 48F642A71F8E7BCD002A225B /* PNPC-iOSUITests.xctest */;
			productType = "com.apple.product-type.bundle.ui-testing";
		};
/* End PBXNativeTarget section */

/* Begin PBXProject section */
		48F642801F8E7BCD002A225B /* Project object */ = {
			isa = PBXProject;
			attributes = {
				LastSwiftUpdateCheck = 0830;
				LastUpgradeCheck = 0830;
				ORGANIZATIONNAME = ymonnier;
				TargetAttributes = {
					48F642871F8E7BCD002A225B = {
						CreatedOnToolsVersion = 8.3.3;
						DevelopmentTeam = B6C6ND5V82;
						ProvisioningStyle = Automatic;
						SystemCapabilities = {
							com.apple.BackgroundModes = {
								enabled = 1;
							};
						};
					};
					48F6429B1F8E7BCD002A225B = {
						CreatedOnToolsVersion = 8.3.3;
						DevelopmentTeam = WA6PX9V4YF;
						ProvisioningStyle = Automatic;
						TestTargetID = 48F642871F8E7BCD002A225B;
					};
					48F642A61F8E7BCD002A225B = {
						CreatedOnToolsVersion = 8.3.3;
						DevelopmentTeam = WA6PX9V4YF;
						ProvisioningStyle = Automatic;
						TestTargetID = 48F642871F8E7BCD002A225B;
					};
				};
			};
			buildConfigurationList = 48F642831F8E7BCD002A225B /* Build configuration list for PBXProject "PNPC-iOS" */;
			compatibilityVersion = "Xcode 3.2";
			developmentRegion = English;
			hasScannedForEncodings = 0;
			knownRegions = (
				en,
				Base,
			);
			mainGroup = 48F6427F1F8E7BCD002A225B;
			productRefGroup = 48F642891F8E7BCD002A225B /* Products */;
			projectDirPath = "";
			projectRoot = "";
			targets = (
				48F642871F8E7BCD002A225B /* PNPC-iOS */,
				48F6429B1F8E7BCD002A225B /* PNPC-iOSTests */,
				48F642A61F8E7BCD002A225B /* PNPC-iOSUITests */,
			);
		};
/* End PBXProject section */

/* Begin PBXResourcesBuildPhase section */
		48F642861F8E7BCD002A225B /* Resources */ = {
			isa = PBXResourcesBuildPhase;
			buildActionMask = 2147483647;
			files = (
				48F642C31F8E8947002A225B /* AuthenticationViewController.xib in Resources */,
				48F642961F8E7BCD002A225B /* LaunchScreen.storyboard in Resources */,
				48F642931F8E7BCD002A225B /* Assets.xcassets in Resources */,
			);
			runOnlyForDeploymentPostprocessing = 0;
		};
		48F6429A1F8E7BCD002A225B /* Resources */ = {
			isa = PBXResourcesBuildPhase;
			buildActionMask = 2147483647;
			files = (
			);
			runOnlyForDeploymentPostprocessing = 0;
		};
		48F642A51F8E7BCD002A225B /* Resources */ = {
			isa = PBXResourcesBuildPhase;
			buildActionMask = 2147483647;
			files = (
			);
			runOnlyForDeploymentPostprocessing = 0;
		};
/* End PBXResourcesBuildPhase section */

/* Begin PBXShellScriptBuildPhase section */
		52D1903E34704FB48888259B /* [CP] Copy Pods Resources */ = {
			isa = PBXShellScriptBuildPhase;
			buildActionMask = 2147483647;
			files = (
			);
			inputPaths = (
			);
			name = "[CP] Copy Pods Resources";
			outputPaths = (
			);
			runOnlyForDeploymentPostprocessing = 0;
			shellPath = /bin/sh;
			shellScript = "\"${SRCROOT}/Pods/Target Support Files/Pods-PNPC-iOSUITests/Pods-PNPC-iOSUITests-resources.sh\"\n";
			showEnvVarsInLog = 0;
		};
		5ABC4D1EDF778DA18D24C3D9 /* [CP] Check Pods Manifest.lock */ = {
			isa = PBXShellScriptBuildPhase;
			buildActionMask = 2147483647;
			files = (
			);
			inputPaths = (
			);
			name = "[CP] Check Pods Manifest.lock";
			outputPaths = (
			);
			runOnlyForDeploymentPostprocessing = 0;
			shellPath = /bin/sh;
			shellScript = "diff \"${PODS_PODFILE_DIR_PATH}/Podfile.lock\" \"${PODS_ROOT}/Manifest.lock\" > /dev/null\nif [ $? != 0 ] ; then\n    # print error to STDERR\n    echo \"error: The sandbox is not in sync with the Podfile.lock. Run 'pod install' or update your CocoaPods installation.\" >&2\n    exit 1\nfi\n";
			showEnvVarsInLog = 0;
		};
		5CE1E2088985DC2F44CBE541 /* [CP] Embed Pods Frameworks */ = {
			isa = PBXShellScriptBuildPhase;
			buildActionMask = 2147483647;
			files = (
			);
			inputPaths = (
			);
			name = "[CP] Embed Pods Frameworks";
			outputPaths = (
			);
			runOnlyForDeploymentPostprocessing = 0;
			shellPath = /bin/sh;
			shellScript = "\"${SRCROOT}/Pods/Target Support Files/Pods-PNPC-iOSUITests/Pods-PNPC-iOSUITests-frameworks.sh\"\n";
			showEnvVarsInLog = 0;
		};
		7BDB4D162FFFABF389B2A6C5 /* [CP] Embed Pods Frameworks */ = {
			isa = PBXShellScriptBuildPhase;
			buildActionMask = 2147483647;
			files = (
			);
			inputPaths = (
			);
			name = "[CP] Embed Pods Frameworks";
			outputPaths = (
			);
			runOnlyForDeploymentPostprocessing = 0;
			shellPath = /bin/sh;
			shellScript = "\"${SRCROOT}/Pods/Target Support Files/Pods-PNPC-iOS/Pods-PNPC-iOS-frameworks.sh\"\n";
			showEnvVarsInLog = 0;
		};
		AEDAB5F4E2318BB500BEE17F /* [CP] Check Pods Manifest.lock */ = {
			isa = PBXShellScriptBuildPhase;
			buildActionMask = 2147483647;
			files = (
			);
			inputPaths = (
			);
			name = "[CP] Check Pods Manifest.lock";
			outputPaths = (
			);
			runOnlyForDeploymentPostprocessing = 0;
			shellPath = /bin/sh;
			shellScript = "diff \"${PODS_PODFILE_DIR_PATH}/Podfile.lock\" \"${PODS_ROOT}/Manifest.lock\" > /dev/null\nif [ $? != 0 ] ; then\n    # print error to STDERR\n    echo \"error: The sandbox is not in sync with the Podfile.lock. Run 'pod install' or update your CocoaPods installation.\" >&2\n    exit 1\nfi\n";
			showEnvVarsInLog = 0;
		};
		BCC3BEFDA50CCDE4D9DC2A18 /* [CP] Copy Pods Resources */ = {
			isa = PBXShellScriptBuildPhase;
			buildActionMask = 2147483647;
			files = (
			);
			inputPaths = (
			);
			name = "[CP] Copy Pods Resources";
			outputPaths = (
			);
			runOnlyForDeploymentPostprocessing = 0;
			shellPath = /bin/sh;
			shellScript = "\"${SRCROOT}/Pods/Target Support Files/Pods-PNPC-iOSTests/Pods-PNPC-iOSTests-resources.sh\"\n";
			showEnvVarsInLog = 0;
		};
		C3079604286BDC1466A1FD64 /* [CP] Copy Pods Resources */ = {
			isa = PBXShellScriptBuildPhase;
			buildActionMask = 2147483647;
			files = (
			);
			inputPaths = (
			);
			name = "[CP] Copy Pods Resources";
			outputPaths = (
			);
			runOnlyForDeploymentPostprocessing = 0;
			shellPath = /bin/sh;
			shellScript = "\"${SRCROOT}/Pods/Target Support Files/Pods-PNPC-iOS/Pods-PNPC-iOS-resources.sh\"\n";
			showEnvVarsInLog = 0;
		};
		CC5B51D0F04B76E9274B42FB /* [CP] Embed Pods Frameworks */ = {
			isa = PBXShellScriptBuildPhase;
			buildActionMask = 2147483647;
			files = (
			);
			inputPaths = (
			);
			name = "[CP] Embed Pods Frameworks";
			outputPaths = (
			);
			runOnlyForDeploymentPostprocessing = 0;
			shellPath = /bin/sh;
			shellScript = "\"${SRCROOT}/Pods/Target Support Files/Pods-PNPC-iOSTests/Pods-PNPC-iOSTests-frameworks.sh\"\n";
			showEnvVarsInLog = 0;
		};
		DE566EC04AA177E076CEC68F /* [CP] Check Pods Manifest.lock */ = {
			isa = PBXShellScriptBuildPhase;
			buildActionMask = 2147483647;
			files = (
			);
			inputPaths = (
			);
			name = "[CP] Check Pods Manifest.lock";
			outputPaths = (
			);
			runOnlyForDeploymentPostprocessing = 0;
			shellPath = /bin/sh;
			shellScript = "diff \"${PODS_PODFILE_DIR_PATH}/Podfile.lock\" \"${PODS_ROOT}/Manifest.lock\" > /dev/null\nif [ $? != 0 ] ; then\n    # print error to STDERR\n    echo \"error: The sandbox is not in sync with the Podfile.lock. Run 'pod install' or update your CocoaPods installation.\" >&2\n    exit 1\nfi\n";
			showEnvVarsInLog = 0;
		};
/* End PBXShellScriptBuildPhase section */

/* Begin PBXSourcesBuildPhase section */
		48F642841F8E7BCD002A225B /* Sources */ = {
			isa = PBXSourcesBuildPhase;
			buildActionMask = 2147483647;
			files = (
				48F642CC1F8E94B5002A225B /* AppCoordinator.swift in Sources */,
				48F642C81F8E9419002A225B /* Coordinator.swift in Sources */,
				48F642C01F8E8879002A225B /* AuthenticationViewModel.swift in Sources */,
				48F642CF1F8EB238002A225B /* ViewExtension.swift in Sources */,
				48F642BE1F8E8819002A225B /* AuthenticationViewController.swift in Sources */,
				48F642D51F8EB98A002A225B /* PNPCService.swift in Sources */,
				4804C0FC1F916D27007768A5 /* AppDelegate+Estimote.swift in Sources */,
				48F642CA1F8E9442002A225B /* RootViewCoordinator.swift in Sources */,
				48F642D21F8EB6F5002A225B /* ValidationService.swift in Sources */,
				48F6428C1F8E7BCD002A225B /* AppDelegate.swift in Sources */,
			);
			runOnlyForDeploymentPostprocessing = 0;
		};
		48F642981F8E7BCD002A225B /* Sources */ = {
			isa = PBXSourcesBuildPhase;
			buildActionMask = 2147483647;
			files = (
				48F642A11F8E7BCD002A225B /* PNPC_iOSTests.swift in Sources */,
			);
			runOnlyForDeploymentPostprocessing = 0;
		};
		48F642A31F8E7BCD002A225B /* Sources */ = {
			isa = PBXSourcesBuildPhase;
			buildActionMask = 2147483647;
			files = (
				48F642AC1F8E7BCD002A225B /* PNPC_iOSUITests.swift in Sources */,
			);
			runOnlyForDeploymentPostprocessing = 0;
		};
/* End PBXSourcesBuildPhase section */

/* Begin PBXTargetDependency section */
		48F6429E1F8E7BCD002A225B /* PBXTargetDependency */ = {
			isa = PBXTargetDependency;
			target = 48F642871F8E7BCD002A225B /* PNPC-iOS */;
			targetProxy = 48F6429D1F8E7BCD002A225B /* PBXContainerItemProxy */;
		};
		48F642A91F8E7BCD002A225B /* PBXTargetDependency */ = {
			isa = PBXTargetDependency;
			target = 48F642871F8E7BCD002A225B /* PNPC-iOS */;
			targetProxy = 48F642A81F8E7BCD002A225B /* PBXContainerItemProxy */;
		};
/* End PBXTargetDependency section */

/* Begin PBXVariantGroup section */
		48F642941F8E7BCD002A225B /* LaunchScreen.storyboard */ = {
			isa = PBXVariantGroup;
			children = (
				48F642951F8E7BCD002A225B /* Base */,
			);
			name = LaunchScreen.storyboard;
			sourceTree = "<group>";
		};
/* End PBXVariantGroup section */

/* Begin XCBuildConfiguration section */
		48F642AE1F8E7BCD002A225B /* Debug */ = {
			isa = XCBuildConfiguration;
			buildSettings = {
				ALWAYS_SEARCH_USER_PATHS = NO;
				CLANG_ANALYZER_NONNULL = YES;
				CLANG_ANALYZER_NUMBER_OBJECT_CONVERSION = YES_AGGRESSIVE;
				CLANG_CXX_LANGUAGE_STANDARD = "gnu++0x";
				CLANG_CXX_LIBRARY = "libc++";
				CLANG_ENABLE_MODULES = YES;
				CLANG_ENABLE_OBJC_ARC = YES;
				CLANG_WARN_BOOL_CONVERSION = YES;
				CLANG_WARN_CONSTANT_CONVERSION = YES;
				CLANG_WARN_DIRECT_OBJC_ISA_USAGE = YES_ERROR;
				CLANG_WARN_DOCUMENTATION_COMMENTS = YES;
				CLANG_WARN_EMPTY_BODY = YES;
				CLANG_WARN_ENUM_CONVERSION = YES;
				CLANG_WARN_INFINITE_RECURSION = YES;
				CLANG_WARN_INT_CONVERSION = YES;
				CLANG_WARN_OBJC_ROOT_CLASS = YES_ERROR;
				CLANG_WARN_SUSPICIOUS_MOVE = YES;
				CLANG_WARN_UNREACHABLE_CODE = YES;
				CLANG_WARN__DUPLICATE_METHOD_MATCH = YES;
				"CODE_SIGN_IDENTITY[sdk=iphoneos*]" = "iPhone Developer";
				COPY_PHASE_STRIP = NO;
				DEBUG_INFORMATION_FORMAT = dwarf;
				ENABLE_STRICT_OBJC_MSGSEND = YES;
				ENABLE_TESTABILITY = YES;
				GCC_C_LANGUAGE_STANDARD = gnu99;
				GCC_DYNAMIC_NO_PIC = NO;
				GCC_NO_COMMON_BLOCKS = YES;
				GCC_OPTIMIZATION_LEVEL = 0;
				GCC_PREPROCESSOR_DEFINITIONS = (
					"DEBUG=1",
					"$(inherited)",
				);
				GCC_WARN_64_TO_32_BIT_CONVERSION = YES;
				GCC_WARN_ABOUT_RETURN_TYPE = YES_ERROR;
				GCC_WARN_UNDECLARED_SELECTOR = YES;
				GCC_WARN_UNINITIALIZED_AUTOS = YES_AGGRESSIVE;
				GCC_WARN_UNUSED_FUNCTION = YES;
				GCC_WARN_UNUSED_VARIABLE = YES;
				IPHONEOS_DEPLOYMENT_TARGET = 10.3;
				MTL_ENABLE_DEBUG_INFO = YES;
				ONLY_ACTIVE_ARCH = YES;
				SDKROOT = iphoneos;
				SWIFT_ACTIVE_COMPILATION_CONDITIONS = DEBUG;
				SWIFT_OBJC_BRIDGING_HEADER = "";
				SWIFT_OPTIMIZATION_LEVEL = "-Onone";
			};
			name = Debug;
		};
		48F642AF1F8E7BCD002A225B /* Release */ = {
			isa = XCBuildConfiguration;
			buildSettings = {
				ALWAYS_SEARCH_USER_PATHS = NO;
				CLANG_ANALYZER_NONNULL = YES;
				CLANG_ANALYZER_NUMBER_OBJECT_CONVERSION = YES_AGGRESSIVE;
				CLANG_CXX_LANGUAGE_STANDARD = "gnu++0x";
				CLANG_CXX_LIBRARY = "libc++";
				CLANG_ENABLE_MODULES = YES;
				CLANG_ENABLE_OBJC_ARC = YES;
				CLANG_WARN_BOOL_CONVERSION = YES;
				CLANG_WARN_CONSTANT_CONVERSION = YES;
				CLANG_WARN_DIRECT_OBJC_ISA_USAGE = YES_ERROR;
				CLANG_WARN_DOCUMENTATION_COMMENTS = YES;
				CLANG_WARN_EMPTY_BODY = YES;
				CLANG_WARN_ENUM_CONVERSION = YES;
				CLANG_WARN_INFINITE_RECURSION = YES;
				CLANG_WARN_INT_CONVERSION = YES;
				CLANG_WARN_OBJC_ROOT_CLASS = YES_ERROR;
				CLANG_WARN_SUSPICIOUS_MOVE = YES;
				CLANG_WARN_UNREACHABLE_CODE = YES;
				CLANG_WARN__DUPLICATE_METHOD_MATCH = YES;
				"CODE_SIGN_IDENTITY[sdk=iphoneos*]" = "iPhone Developer";
				COPY_PHASE_STRIP = NO;
				DEBUG_INFORMATION_FORMAT = "dwarf-with-dsym";
				ENABLE_NS_ASSERTIONS = NO;
				ENABLE_STRICT_OBJC_MSGSEND = YES;
				GCC_C_LANGUAGE_STANDARD = gnu99;
				GCC_NO_COMMON_BLOCKS = YES;
				GCC_WARN_64_TO_32_BIT_CONVERSION = YES;
				GCC_WARN_ABOUT_RETURN_TYPE = YES_ERROR;
				GCC_WARN_UNDECLARED_SELECTOR = YES;
				GCC_WARN_UNINITIALIZED_AUTOS = YES_AGGRESSIVE;
				GCC_WARN_UNUSED_FUNCTION = YES;
				GCC_WARN_UNUSED_VARIABLE = YES;
				IPHONEOS_DEPLOYMENT_TARGET = 10.3;
				MTL_ENABLE_DEBUG_INFO = NO;
				SDKROOT = iphoneos;
				SWIFT_OBJC_BRIDGING_HEADER = "";
				SWIFT_OPTIMIZATION_LEVEL = "-Owholemodule";
				VALIDATE_PRODUCT = YES;
			};
			name = Release;
		};
		48F642B11F8E7BCD002A225B /* Debug */ = {
			isa = XCBuildConfiguration;
			baseConfigurationReference = 78159117F3A5A005A4153BC8 /* Pods-PNPC-iOS.debug.xcconfig */;
			buildSettings = {
				ASSETCATALOG_COMPILER_APPICON_NAME = AppIcon;
				DEVELOPMENT_TEAM = B6C6ND5V82;
				FRAMEWORK_SEARCH_PATHS = (
					"$(inherited)",
					"$(PROJECT_DIR)/PNPC-iOS",
				);
				INFOPLIST_FILE = "PNPC-iOS/Info.plist";
				LD_RUNPATH_SEARCH_PATHS = "$(inherited) @executable_path/Frameworks";
				PRODUCT_BUNDLE_IDENTIFIER = "com.ymonnier.PNPC-iOS";
				PRODUCT_NAME = "$(TARGET_NAME)";
				SWIFT_OBJC_BRIDGING_HEADER = "${PROJECT_NAME}/ObjCBridge.h";
				SWIFT_VERSION = 3.0;
			};
			name = Debug;
		};
		48F642B21F8E7BCD002A225B /* Release */ = {
			isa = XCBuildConfiguration;
			baseConfigurationReference = 1334DED68B8783AD0B7D5287 /* Pods-PNPC-iOS.release.xcconfig */;
			buildSettings = {
				ASSETCATALOG_COMPILER_APPICON_NAME = AppIcon;
				DEVELOPMENT_TEAM = B6C6ND5V82;
				FRAMEWORK_SEARCH_PATHS = (
					"$(inherited)",
					"$(PROJECT_DIR)/PNPC-iOS",
				);
				INFOPLIST_FILE = "PNPC-iOS/Info.plist";
				LD_RUNPATH_SEARCH_PATHS = "$(inherited) @executable_path/Frameworks";
				PRODUCT_BUNDLE_IDENTIFIER = "com.ymonnier.PNPC-iOS";
				PRODUCT_NAME = "$(TARGET_NAME)";
				SWIFT_OBJC_BRIDGING_HEADER = "${PROJECT_NAME}/ObjCBridge.h";
				SWIFT_VERSION = 3.0;
			};
			name = Release;
		};
		48F642B41F8E7BCD002A225B /* Debug */ = {
			isa = XCBuildConfiguration;
			baseConfigurationReference = 44FBF5EABDC9765CF34BFB29 /* Pods-PNPC-iOSTests.debug.xcconfig */;
			buildSettings = {
				ALWAYS_EMBED_SWIFT_STANDARD_LIBRARIES = YES;
				BUNDLE_LOADER = "$(TEST_HOST)";
				DEVELOPMENT_TEAM = WA6PX9V4YF;
				INFOPLIST_FILE = "PNPC-iOSTests/Info.plist";
				LD_RUNPATH_SEARCH_PATHS = "$(inherited) @executable_path/Frameworks @loader_path/Frameworks";
				PRODUCT_BUNDLE_IDENTIFIER = "com.ymonnier.PNPC-iOSTests";
				PRODUCT_NAME = "$(TARGET_NAME)";
				SWIFT_VERSION = 3.0;
				TEST_HOST = "$(BUILT_PRODUCTS_DIR)/PNPC-iOS.app/PNPC-iOS";
			};
			name = Debug;
		};
		48F642B51F8E7BCD002A225B /* Release */ = {
			isa = XCBuildConfiguration;
			baseConfigurationReference = 403393B551D99B4DCA379C5E /* Pods-PNPC-iOSTests.release.xcconfig */;
			buildSettings = {
				ALWAYS_EMBED_SWIFT_STANDARD_LIBRARIES = YES;
				BUNDLE_LOADER = "$(TEST_HOST)";
				DEVELOPMENT_TEAM = WA6PX9V4YF;
				INFOPLIST_FILE = "PNPC-iOSTests/Info.plist";
				LD_RUNPATH_SEARCH_PATHS = "$(inherited) @executable_path/Frameworks @loader_path/Frameworks";
				PRODUCT_BUNDLE_IDENTIFIER = "com.ymonnier.PNPC-iOSTests";
				PRODUCT_NAME = "$(TARGET_NAME)";
				SWIFT_VERSION = 3.0;
				TEST_HOST = "$(BUILT_PRODUCTS_DIR)/PNPC-iOS.app/PNPC-iOS";
			};
			name = Release;
		};
		48F642B71F8E7BCD002A225B /* Debug */ = {
			isa = XCBuildConfiguration;
			baseConfigurationReference = DC508B18A28B4C8FB52E5D9F /* Pods-PNPC-iOSUITests.debug.xcconfig */;
			buildSettings = {
				ALWAYS_EMBED_SWIFT_STANDARD_LIBRARIES = YES;
				DEVELOPMENT_TEAM = WA6PX9V4YF;
				INFOPLIST_FILE = "PNPC-iOSUITests/Info.plist";
				LD_RUNPATH_SEARCH_PATHS = "$(inherited) @executable_path/Frameworks @loader_path/Frameworks";
				PRODUCT_BUNDLE_IDENTIFIER = "com.ymonnier.PNPC-iOSUITests";
				PRODUCT_NAME = "$(TARGET_NAME)";
				SWIFT_VERSION = 3.0;
				TEST_TARGET_NAME = "PNPC-iOS";
			};
			name = Debug;
		};
		48F642B81F8E7BCD002A225B /* Release */ = {
			isa = XCBuildConfiguration;
			baseConfigurationReference = 432EF75D3337B0D7683C01AA /* Pods-PNPC-iOSUITests.release.xcconfig */;
			buildSettings = {
				ALWAYS_EMBED_SWIFT_STANDARD_LIBRARIES = YES;
				DEVELOPMENT_TEAM = WA6PX9V4YF;
				INFOPLIST_FILE = "PNPC-iOSUITests/Info.plist";
				LD_RUNPATH_SEARCH_PATHS = "$(inherited) @executable_path/Frameworks @loader_path/Frameworks";
				PRODUCT_BUNDLE_IDENTIFIER = "com.ymonnier.PNPC-iOSUITests";
				PRODUCT_NAME = "$(TARGET_NAME)";
				SWIFT_VERSION = 3.0;
				TEST_TARGET_NAME = "PNPC-iOS";
			};
			name = Release;
		};
/* End XCBuildConfiguration section */

/* Begin XCConfigurationList section */
		48F642831F8E7BCD002A225B /* Build configuration list for PBXProject "PNPC-iOS" */ = {
			isa = XCConfigurationList;
			buildConfigurations = (
				48F642AE1F8E7BCD002A225B /* Debug */,
				48F642AF1F8E7BCD002A225B /* Release */,
			);
			defaultConfigurationIsVisible = 0;
			defaultConfigurationName = Release;
		};
		48F642B01F8E7BCD002A225B /* Build configuration list for PBXNativeTarget "PNPC-iOS" */ = {
			isa = XCConfigurationList;
			buildConfigurations = (
				48F642B11F8E7BCD002A225B /* Debug */,
				48F642B21F8E7BCD002A225B /* Release */,
			);
			defaultConfigurationIsVisible = 0;
			defaultConfigurationName = Release;
		};
		48F642B31F8E7BCD002A225B /* Build configuration list for PBXNativeTarget "PNPC-iOSTests" */ = {
			isa = XCConfigurationList;
			buildConfigurations = (
				48F642B41F8E7BCD002A225B /* Debug */,
				48F642B51F8E7BCD002A225B /* Release */,
			);
			defaultConfigurationIsVisible = 0;
			defaultConfigurationName = Release;
		};
		48F642B61F8E7BCD002A225B /* Build configuration list for PBXNativeTarget "PNPC-iOSUITests" */ = {
			isa = XCConfigurationList;
			buildConfigurations = (
				48F642B71F8E7BCD002A225B /* Debug */,
				48F642B81F8E7BCD002A225B /* Release */,
			);
			defaultConfigurationIsVisible = 0;
			defaultConfigurationName = Release;
		};
/* End XCConfigurationList section */
	};
	rootObject = 48F642801F8E7BCD002A225B /* Project object */;
}
